
Microsoft Visual Studio Solution File, Format Version 12.00
# Visual Studio Version 16
VisualStudioVersion = 16.0.31019.35
MinimumVisualStudioVersion = 10.0.40219.1
Project("{FAE04EC0-301F-11D3-BF4B-00C04F79EFBC}") = "Primer", "Primer\Primer.csproj", "{99FB7714-5611-49FE-A87C-B2EE51F64556}"
EndProject
Global
	GlobalSection(SolutionConfigurationPlatforms) = preSolution
		Debug|Any CPU = Debug|Any CPU
		Release|Any CPU = Release|Any CPU
	EndGlobalSection
	GlobalSection(ProjectConfigurationPlatforms) = postSolution
		{99FB7714-5611-49FE-A87C-B2EE51F64556}.Debug|Any CPU.ActiveCfg = Debug|Any CPU
		{99FB7714-5611-49FE-A87C-B2EE51F64556}.Debug|Any CPU.Build.0 = Debug|Any CPU
		{99FB7714-5611-49FE-A87C-B2EE51F64556}.Release|Any CPU.ActiveCfg = Release|Any CPU
		{99FB7714-5611-49FE-A87C-B2EE51F64556}.Release|Any CPU.Build.0 = Release|Any CPU
	EndGlobalSection
	GlobalSection(SolutionProperties) = preSolution
		HideSolutionNode = FALSE
	EndGlobalSection
	GlobalSection(ExtensibilityGlobals) = postSolution
		SolutionGuid = {CAC57292-1C75-42F1-B1F8-C2D31982FA08}
	EndGlobalSection
EndGlobal
